
Microsoft Visual Studio Solution File, Format Version 12.00
# Visual Studio Version 17
VisualStudioVersion = 17.5.002.0
MinimumVisualStudioVersion = 10.0.40219.1
Project("{9A19103F-16F7-4668-BE54-9A1E7A4F7556}") = "EPR.RegulatorService.Frontend.Web", "EPR.RegulatorService.Frontend.Web.csproj", "{41F4DCBA-0AD6-4BDF-9DB7-5A71B1F0812D}"
EndProject
Global
	GlobalSection(SolutionConfigurationPlatforms) = preSolution
		Debug|Any CPU = Debug|Any CPU
		Release|Any CPU = Release|Any CPU
	EndGlobalSection
	GlobalSection(ProjectConfigurationPlatforms) = postSolution
		{41F4DCBA-0AD6-4BDF-9DB7-5A71B1F0812D}.Debug|Any CPU.ActiveCfg = Debug|Any CPU
		{41F4DCBA-0AD6-4BDF-9DB7-5A71B1F0812D}.Debug|Any CPU.Build.0 = Debug|Any CPU
		{41F4DCBA-0AD6-4BDF-9DB7-5A71B1F0812D}.Release|Any CPU.ActiveCfg = Release|Any CPU
		{41F4DCBA-0AD6-4BDF-9DB7-5A71B1F0812D}.Release|Any CPU.Build.0 = Release|Any CPU
	EndGlobalSection
	GlobalSection(SolutionProperties) = preSolution
		HideSolutionNode = FALSE
	EndGlobalSection
	GlobalSection(ExtensibilityGlobals) = postSolution
		SolutionGuid = {A0F2268C-A5E0-4449-8101-B301BE19A923}
	EndGlobalSection
EndGlobal
