
Microsoft Visual Studio Solution File, Format Version 12.00
# Visual Studio Version 17
VisualStudioVersion = 17.9.34607.119
MinimumVisualStudioVersion = 10.0.40219.1
Project("{9A19103F-16F7-4668-BE54-9A1E7A4F7556}") = "EPR.RegulatorService.Frontend.Core", "EPR.RegulatorService.Frontend.Core\EPR.RegulatorService.Frontend.Core.csproj", "{3C9225BF-917E-4E81-BED3-FC72776BC19C}"
EndProject
Project("{9A19103F-16F7-4668-BE54-9A1E7A4F7556}") = "EPR.RegulatorService.Frontend.Web", "EPR.RegulatorService.Frontend.Web\EPR.RegulatorService.Frontend.Web.csproj", "{2A9F6DCA-F5FF-4B2C-9703-E71CDC225A1D}"
EndProject
Project("{9A19103F-16F7-4668-BE54-9A1E7A4F7556}") = "EPR.RegulatorService.Frontend.UnitTests", "EPR.RegulatorService.Frontend.UnitTests\EPR.RegulatorService.Frontend.UnitTests.csproj", "{4B38E54D-26F9-4C21-8859-ED5691DAEB13}"
EndProject
Project("{2150E333-8FDC-42A3-9474-1A3956D46DE8}") = "SolutionItems", "SolutionItems", "{3B602B5A-BE5F-499A-937A-7038258B2E7D}"
	ProjectSection(SolutionItems) = preProject
		.editorconfig = .editorconfig
		Directory.Build.props = Directory.Build.props
		Dockerfile = Dockerfile
		NuGet.Config = NuGet.Config
		SonarAnalyzer.ruleset = SonarAnalyzer.ruleset
		../README.md = ../README.md
	EndProjectSection
EndProject
Project("{2150E333-8FDC-42A3-9474-1A3956D46DE8}") = "pipelines", "pipelines", "{9E27FC4A-3A20-4D62-93D9-8067AA3DE035}"
	ProjectSection(SolutionItems) = preProject
		../pipelines\deployment-pipeline.yaml = ../pipelines\deployment-pipeline.yaml
		../pipelines\ci_pipeline.yaml = ../pipelines\ci_pipeline.yaml
	EndProjectSection
EndProject
Project("{2150E333-8FDC-42A3-9474-1A3956D46DE8}") = "vars", "vars", "{001FA203-F7EF-400E-B048-51A39B50C1D4}"
	ProjectSection(SolutionItems) = preProject
		../pipelines\vars\DEV9-development.yaml = ../pipelines\vars\DEV9-development.yaml
		../pipelines\vars\DEV12-development.yaml = ../pipelines\vars\DEV12-development.yaml
		../pipelines\vars\DEV11-development.yaml = ../pipelines\vars\DEV11-development.yaml
		../pipelines\vars\preprod.yaml = ../pipelines\vars\preprod.yaml
		../pipelines\vars\DEV6-development.yaml = ../pipelines\vars\DEV6-development.yaml
		../pipelines\vars\DEV3-development.yaml = ../pipelines\vars\DEV3-development.yaml
		../pipelines\vars\DEV8-development.yaml = ../pipelines\vars\DEV8-development.yaml
		../pipelines\vars\DEV1-development.yaml = ../pipelines\vars\DEV1-development.yaml
		../pipelines\vars\DEV16-development.yaml = ../pipelines\vars\DEV16-development.yaml
		../pipelines\vars\DEV15.yaml = ../pipelines\vars\DEV15.yaml
		../pipelines\vars\DEV10-development.yaml = ../pipelines\vars\DEV10-development.yaml
		../pipelines\vars\DEV2-development.yaml = ../pipelines\vars\DEV2-development.yaml
		../pipelines\vars\tst.yaml = ../pipelines\vars\tst.yaml
		../pipelines\vars\DEV5-development.yaml = ../pipelines\vars\DEV5-development.yaml
		../pipelines\vars\DEV7-development.yaml = ../pipelines\vars\DEV7-development.yaml
		../pipelines\vars\prod.yaml = ../pipelines\vars\prod.yaml
		../pipelines\vars\DEV14-development.yaml = ../pipelines\vars\DEV14-development.yaml
		../pipelines\vars\preprod2.yaml = ../pipelines\vars\preprod2.yaml
		../pipelines\vars\DEV13-development.yaml = ../pipelines\vars\DEV13-development.yaml
		../pipelines\vars\DEV4-development.yaml = ../pipelines\vars\DEV4-development.yaml
	EndProjectSection
EndProject
Project("{2150E333-8FDC-42A3-9474-1A3956D46DE8}") = "templates", "templates", "{1EF30474-B3B6-4EED-89F2-401985C9197D}"
	ProjectSection(SolutionItems) = preProject
		../pipelines\templates\docker.yaml = ../pipelines\templates\docker.yaml
	EndProjectSection
EndProject
Project("{FAE04EC0-301F-11D3-BF4B-00C04F79EFBC}") = "IntegrationTests", "IntegrationTests\IntegrationTests.csproj", "{3DC4D29D-FDF7-4ACF-8870-1B8C6B11E323}"
EndProject
Project("{FAE04EC0-301F-11D3-BF4B-00C04F79EFBC}") = "MockRegulatorFacade", "MockRegulatorFacade\MockRegulatorFacade.csproj", "{A1B2C3D4-E5F6-47A8-B9C0-D1E2F3A4B5C6}"
EndProject
Project("{FAE04EC0-301F-11D3-BF4B-00C04F79EFBC}") = "MockPaymentFacade", "MockPaymentFacade\MockPaymentFacade.csproj", "{542D3337-0A9F-4808-898F-D2E7D36A4625}"
EndProject
Project("{FAE04EC0-301F-11D3-BF4B-00C04F79EFBC}") = "EPR.Common.Authorization", "..\git-subtree-epr-common\src\EPR.Common\EPR.Common.Authorization\EPR.Common.Authorization.csproj", "{8A5A1ED9-7914-459E-ABD7-F3F8DBFA2EB7}"
EndProject
Project("{2150E333-8FDC-42A3-9474-1A3956D46DE8}") = "epr-common", "epr-common", "{97722E13-5F00-4046-883E-C01B43BC6104}"
EndProject
Project("{FAE04EC0-301F-11D3-BF4B-00C04F79EFBC}") = "EPR.Common.Authorization.Test", "..\git-subtree-epr-common\src\EPR.Common\EPR.Common.Authorization.Test\EPR.Common.Authorization.Test.csproj", "{59E3A260-4A20-4E63-84D4-617036BBE143}"
EndProject
Project("{FAE04EC0-301F-11D3-BF4B-00C04F79EFBC}") = "EPR.Common.Logging", "..\git-subtree-epr-common\src\EPR.Common\EPR.Common.Logging\EPR.Common.Logging.csproj", "{72477DC7-7A41-414B-AFB3-62EA37C4B597}"
EndProject
Project("{FAE04EC0-301F-11D3-BF4B-00C04F79EFBC}") = "EPR.Common.Functions", "..\git-subtree-epr-common\src\EPR.Common\EPR.Common.Functions\EPR.Common.Functions.csproj", "{59CB39E2-D6A1-4567-8F66-72F5747DD129}"
EndProject
Project("{FAE04EC0-301F-11D3-BF4B-00C04F79EFBC}") = "EPR.Common.Logging.Tests", "..\git-subtree-epr-common\src\EPR.Common\EPR.Common.Logging.Tests\EPR.Common.Logging.Tests.csproj", "{A61E3DF6-4D5D-4622-B8FA-F199960B9A61}"
EndProject
Project("{FAE04EC0-301F-11D3-BF4B-00C04F79EFBC}") = "EPR.Common.Functions.Test", "..\git-subtree-epr-common\src\EPR.Common\EPR.Common.Functions.Test\EPR.Common.Functions.Test.csproj", "{641B7062-380B-425B-B9AD-AEDAE71BC573}"
EndProject
Global
	GlobalSection(SolutionConfigurationPlatforms) = preSolution
		Debug|Any CPU = Debug|Any CPU
		Release|Any CPU = Release|Any CPU
	EndGlobalSection
	GlobalSection(ProjectConfigurationPlatforms) = postSolution
		{3C9225BF-917E-4E81-BED3-FC72776BC19C}.Debug|Any CPU.ActiveCfg = Debug|Any CPU
		{3C9225BF-917E-4E81-BED3-FC72776BC19C}.Debug|Any CPU.Build.0 = Debug|Any CPU
		{3C9225BF-917E-4E81-BED3-FC72776BC19C}.Release|Any CPU.ActiveCfg = Release|Any CPU
		{3C9225BF-917E-4E81-BED3-FC72776BC19C}.Release|Any CPU.Build.0 = Release|Any CPU
		{2A9F6DCA-F5FF-4B2C-9703-E71CDC225A1D}.Debug|Any CPU.ActiveCfg = Debug|Any CPU
		{2A9F6DCA-F5FF-4B2C-9703-E71CDC225A1D}.Debug|Any CPU.Build.0 = Debug|Any CPU
		{2A9F6DCA-F5FF-4B2C-9703-E71CDC225A1D}.Release|Any CPU.ActiveCfg = Release|Any CPU
		{2A9F6DCA-F5FF-4B2C-9703-E71CDC225A1D}.Release|Any CPU.Build.0 = Release|Any CPU
		{4B38E54D-26F9-4C21-8859-ED5691DAEB13}.Debug|Any CPU.ActiveCfg = Debug|Any CPU
		{4B38E54D-26F9-4C21-8859-ED5691DAEB13}.Debug|Any CPU.Build.0 = Debug|Any CPU
		{4B38E54D-26F9-4C21-8859-ED5691DAEB13}.Release|Any CPU.ActiveCfg = Release|Any CPU
		{4B38E54D-26F9-4C21-8859-ED5691DAEB13}.Release|Any CPU.Build.0 = Release|Any CPU
		{3DC4D29D-FDF7-4ACF-8870-1B8C6B11E323}.Debug|Any CPU.ActiveCfg = Debug|Any CPU
		{3DC4D29D-FDF7-4ACF-8870-1B8C6B11E323}.Debug|Any CPU.Build.0 = Debug|Any CPU
		{3DC4D29D-FDF7-4ACF-8870-1B8C6B11E323}.Release|Any CPU.ActiveCfg = Release|Any CPU
		{3DC4D29D-FDF7-4ACF-8870-1B8C6B11E323}.Release|Any CPU.Build.0 = Release|Any CPU
		{A1B2C3D4-E5F6-47A8-B9C0-D1E2F3A4B5C6}.Debug|Any CPU.ActiveCfg = Debug|Any CPU
		{A1B2C3D4-E5F6-47A8-B9C0-D1E2F3A4B5C6}.Debug|Any CPU.Build.0 = Debug|Any CPU
		{A1B2C3D4-E5F6-47A8-B9C0-D1E2F3A4B5C6}.Release|Any CPU.ActiveCfg = Release|Any CPU
		{A1B2C3D4-E5F6-47A8-B9C0-D1E2F3A4B5C6}.Release|Any CPU.Build.0 = Release|Any CPU
		{542D3337-0A9F-4808-898F-D2E7D36A4625}.Debug|Any CPU.ActiveCfg = Debug|Any CPU
		{542D3337-0A9F-4808-898F-D2E7D36A4625}.Debug|Any CPU.Build.0 = Debug|Any CPU
		{542D3337-0A9F-4808-898F-D2E7D36A4625}.Release|Any CPU.ActiveCfg = Release|Any CPU
		{542D3337-0A9F-4808-898F-D2E7D36A4625}.Release|Any CPU.Build.0 = Release|Any CPU
		{8A5A1ED9-7914-459E-ABD7-F3F8DBFA2EB7}.Debug|Any CPU.ActiveCfg = Debug|Any CPU
		{8A5A1ED9-7914-459E-ABD7-F3F8DBFA2EB7}.Debug|Any CPU.Build.0 = Debug|Any CPU
		{8A5A1ED9-7914-459E-ABD7-F3F8DBFA2EB7}.Release|Any CPU.ActiveCfg = Release|Any CPU
		{8A5A1ED9-7914-459E-ABD7-F3F8DBFA2EB7}.Release|Any CPU.Build.0 = Release|Any CPU
		{59E3A260-4A20-4E63-84D4-617036BBE143}.Debug|Any CPU.ActiveCfg = Debug|Any CPU
		{59E3A260-4A20-4E63-84D4-617036BBE143}.Debug|Any CPU.Build.0 = Debug|Any CPU
		{59E3A260-4A20-4E63-84D4-617036BBE143}.Release|Any CPU.ActiveCfg = Release|Any CPU
		{59E3A260-4A20-4E63-84D4-617036BBE143}.Release|Any CPU.Build.0 = Release|Any CPU
		{72477DC7-7A41-414B-AFB3-62EA37C4B597}.Debug|Any CPU.ActiveCfg = Debug|Any CPU
		{72477DC7-7A41-414B-AFB3-62EA37C4B597}.Debug|Any CPU.Build.0 = Debug|Any CPU
		{72477DC7-7A41-414B-AFB3-62EA37C4B597}.Release|Any CPU.ActiveCfg = Release|Any CPU
		{72477DC7-7A41-414B-AFB3-62EA37C4B597}.Release|Any CPU.Build.0 = Release|Any CPU
		{59CB39E2-D6A1-4567-8F66-72F5747DD129}.Debug|Any CPU.ActiveCfg = Debug|Any CPU
		{59CB39E2-D6A1-4567-8F66-72F5747DD129}.Debug|Any CPU.Build.0 = Debug|Any CPU
		{59CB39E2-D6A1-4567-8F66-72F5747DD129}.Release|Any CPU.ActiveCfg = Release|Any CPU
		{59CB39E2-D6A1-4567-8F66-72F5747DD129}.Release|Any CPU.Build.0 = Release|Any CPU
		{A61E3DF6-4D5D-4622-B8FA-F199960B9A61}.Debug|Any CPU.ActiveCfg = Debug|Any CPU
		{A61E3DF6-4D5D-4622-B8FA-F199960B9A61}.Debug|Any CPU.Build.0 = Debug|Any CPU
		{A61E3DF6-4D5D-4622-B8FA-F199960B9A61}.Release|Any CPU.ActiveCfg = Release|Any CPU
		{A61E3DF6-4D5D-4622-B8FA-F199960B9A61}.Release|Any CPU.Build.0 = Release|Any CPU
		{641B7062-380B-425B-B9AD-AEDAE71BC573}.Debug|Any CPU.ActiveCfg = Debug|Any CPU
		{641B7062-380B-425B-B9AD-AEDAE71BC573}.Debug|Any CPU.Build.0 = Debug|Any CPU
		{641B7062-380B-425B-B9AD-AEDAE71BC573}.Release|Any CPU.ActiveCfg = Release|Any CPU
		{641B7062-380B-425B-B9AD-AEDAE71BC573}.Release|Any CPU.Build.0 = Release|Any CPU
	EndGlobalSection
	GlobalSection(SolutionProperties) = preSolution
		HideSolutionNode = FALSE
	EndGlobalSection
	GlobalSection(NestedProjects) = preSolution
		{9E27FC4A-3A20-4D62-93D9-8067AA3DE035} = {3B602B5A-BE5F-499A-937A-7038258B2E7D}
		{001FA203-F7EF-400E-B048-51A39B50C1D4} = {9E27FC4A-3A20-4D62-93D9-8067AA3DE035}
		{1EF30474-B3B6-4EED-89F2-401985C9197D} = {9E27FC4A-3A20-4D62-93D9-8067AA3DE035}
		{8A5A1ED9-7914-459E-ABD7-F3F8DBFA2EB7} = {97722E13-5F00-4046-883E-C01B43BC6104}
		{59E3A260-4A20-4E63-84D4-617036BBE143} = {97722E13-5F00-4046-883E-C01B43BC6104}
		{72477DC7-7A41-414B-AFB3-62EA37C4B597} = {97722E13-5F00-4046-883E-C01B43BC6104}
		{59CB39E2-D6A1-4567-8F66-72F5747DD129} = {97722E13-5F00-4046-883E-C01B43BC6104}
		{A61E3DF6-4D5D-4622-B8FA-F199960B9A61} = {97722E13-5F00-4046-883E-C01B43BC6104}
		{641B7062-380B-425B-B9AD-AEDAE71BC573} = {97722E13-5F00-4046-883E-C01B43BC6104}
	EndGlobalSection
EndGlobal
